
Microsoft Visual Studio Solution File, Format Version 12.00
# Visual Studio Version 17
VisualStudioVersion = 17.11.35208.52
MinimumVisualStudioVersion = 10.0.40219.1
Project("{9A19103F-16F7-4668-BE54-9A1E7A4F7556}") = "Singleton", "Singleton.csproj", "{8A6AEB1F-35C8-42CF-82F1-8F0298A4AB54}"
EndProject
Global
	GlobalSection(SolutionConfigurationPlatforms) = preSolution
		Debug|Any CPU = Debug|Any CPU
		Release|Any CPU = Release|Any CPU
	EndGlobalSection
	GlobalSection(ProjectConfigurationPlatforms) = postSolution
		{8A6AEB1F-35C8-42CF-82F1-8F0298A4AB54}.Debug|Any CPU.ActiveCfg = Debug|Any CPU
		{8A6AEB1F-35C8-42CF-82F1-8F0298A4AB54}.Debug|Any CPU.Build.0 = Debug|Any CPU
		{8A6AEB1F-35C8-42CF-82F1-8F0298A4AB54}.Release|Any CPU.ActiveCfg = Release|Any CPU
		{8A6AEB1F-35C8-42CF-82F1-8F0298A4AB54}.Release|Any CPU.Build.0 = Release|Any CPU
	EndGlobalSection
	GlobalSection(SolutionProperties) = preSolution
		HideSolutionNode = FALSE
	EndGlobalSection
	GlobalSection(ExtensibilityGlobals) = postSolution
		SolutionGuid = {5F017A5A-BF4E-4758-BBAE-55D6301C005D}
	EndGlobalSection
EndGlobal
